
Microsoft Visual Studio Solution File, Format Version 12.00
# Visual Studio Version 17
VisualStudioVersion = 17.14.36414.22
MinimumVisualStudioVersion = 10.0.40219.1
Project("{FAE04EC0-301F-11D3-BF4B-00C04F79EFBC}") = "RevitDtools", "RevitDtools.csproj", "{1BF27041-DDAF-4874-8EF1-B74D415E6708}"
EndProject

Global
	GlobalSection(SolutionConfigurationPlatforms) = preSolution
		Debug|x64 = Debug|x64
		Release|x64 = Release|x64
	EndGlobalSection
	GlobalSection(ProjectConfigurationPlatforms) = postSolution
		{1BF27041-DDAF-4874-8EF1-B74D415E6708}.Debug|x64.ActiveCfg = Debug|x64
		{1BF27041-DDAF-4874-8EF1-B74D415E6708}.Debug|x64.Build.0 = Debug|x64
		{1BF27041-DDAF-4874-8EF1-B74D415E6708}.Release|x64.ActiveCfg = Release|Any CPU
		{1BF27041-DDAF-4874-8EF1-B74D415E6708}.Release|x64.Build.0 = Release|Any CPU
	EndGlobalSection
	GlobalSection(SolutionProperties) = preSolution
		HideSolutionNode = FALSE
	EndGlobalSection
	GlobalSection(ExtensibilityGlobals) = postSolution
		SolutionGuid = {7C553423-85D8-4CF3-B842-FCF8BDCEA6C9}
	EndGlobalSection
EndGlobal
